
Microsoft Visual Studio Solution File, Format Version 12.00
# Visual Studio Version 17
VisualStudioVersion = 17.14.36518.9 d17.14
MinimumVisualStudioVersion = 10.0.40219.1
Project("{FAE04EC0-301F-11D3-BF4B-00C04F79EFBC}") = "Blazor1", "Blazor1.csproj", "{3AC1E974-346F-40FA-A56C-E1A827A391E0}"
EndProject
Global
	GlobalSection(SolutionConfigurationPlatforms) = preSolution
		Debug|Any CPU = Debug|Any CPU
		Release|Any CPU = Release|Any CPU
	EndGlobalSection
	GlobalSection(ProjectConfigurationPlatforms) = postSolution
		{3AC1E974-346F-40FA-A56C-E1A827A391E0}.Debug|Any CPU.ActiveCfg = Debug|Any CPU
		{3AC1E974-346F-40FA-A56C-E1A827A391E0}.Debug|Any CPU.Build.0 = Debug|Any CPU
		{3AC1E974-346F-40FA-A56C-E1A827A391E0}.Release|Any CPU.ActiveCfg = Release|Any CPU
		{3AC1E974-346F-40FA-A56C-E1A827A391E0}.Release|Any CPU.Build.0 = Release|Any CPU
	EndGlobalSection
	GlobalSection(SolutionProperties) = preSolution
		HideSolutionNode = FALSE
	EndGlobalSection
	GlobalSection(ExtensibilityGlobals) = postSolution
		SolutionGuid = {10AA6AFA-354F-4356-AD86-A5791705CAC3}
	EndGlobalSection
EndGlobal
